
Microsoft Visual Studio Solution File, Format Version 12.00
# Visual Studio Version 16
VisualStudioVersion = 16.0.32901.82
MinimumVisualStudioVersion = 10.0.40219.1
Project("{FAE04EC0-301F-11D3-BF4B-00C04F79EFBC}") = "Accounting", "Accounting\Accounting.csproj", "{15A24EE3-85D0-48BA-B5AD-60FB2B353D7E}"
EndProject
Global
	GlobalSection(SolutionConfigurationPlatforms) = preSolution
		Debug|Any CPU = Debug|Any CPU
		Release|Any CPU = Release|Any CPU
	EndGlobalSection
	GlobalSection(ProjectConfigurationPlatforms) = postSolution
		{15A24EE3-85D0-48BA-B5AD-60FB2B353D7E}.Debug|Any CPU.ActiveCfg = Debug|Any CPU
		{15A24EE3-85D0-48BA-B5AD-60FB2B353D7E}.Debug|Any CPU.Build.0 = Debug|Any CPU
		{15A24EE3-85D0-48BA-B5AD-60FB2B353D7E}.Release|Any CPU.ActiveCfg = Release|Any CPU
		{15A24EE3-85D0-48BA-B5AD-60FB2B353D7E}.Release|Any CPU.Build.0 = Release|Any CPU
	EndGlobalSection
	GlobalSection(SolutionProperties) = preSolution
		HideSolutionNode = FALSE
	EndGlobalSection
	GlobalSection(ExtensibilityGlobals) = postSolution
		SolutionGuid = {C4FCD543-709B-426E-9990-7C2FD3515AE7}
	EndGlobalSection
EndGlobal
