
Microsoft Visual Studio Solution File, Format Version 12.00
# Visual Studio Version 16
VisualStudioVersion = 16.0.32929.386
MinimumVisualStudioVersion = 10.0.40219.1
Project("{FAE04EC0-301F-11D3-BF4B-00C04F79EFBC}") = "Exception_Handling", "Exception_Handling\Exception_Handling.csproj", "{3DC8DBC2-9F98-443C-9D57-CF195F3D1CE5}"
EndProject
Global
	GlobalSection(SolutionConfigurationPlatforms) = preSolution
		Debug|Any CPU = Debug|Any CPU
		Release|Any CPU = Release|Any CPU
	EndGlobalSection
	GlobalSection(ProjectConfigurationPlatforms) = postSolution
		{3DC8DBC2-9F98-443C-9D57-CF195F3D1CE5}.Debug|Any CPU.ActiveCfg = Debug|Any CPU
		{3DC8DBC2-9F98-443C-9D57-CF195F3D1CE5}.Debug|Any CPU.Build.0 = Debug|Any CPU
		{3DC8DBC2-9F98-443C-9D57-CF195F3D1CE5}.Release|Any CPU.ActiveCfg = Release|Any CPU
		{3DC8DBC2-9F98-443C-9D57-CF195F3D1CE5}.Release|Any CPU.Build.0 = Release|Any CPU
	EndGlobalSection
	GlobalSection(SolutionProperties) = preSolution
		HideSolutionNode = FALSE
	EndGlobalSection
	GlobalSection(ExtensibilityGlobals) = postSolution
		SolutionGuid = {6888FBD0-B662-4F06-A87C-BD5A3F919F4C}
	EndGlobalSection
EndGlobal
