
Microsoft Visual Studio Solution File, Format Version 12.00
# Visual Studio Version 16
VisualStudioVersion = 16.0.32901.82
MinimumVisualStudioVersion = 10.0.40219.1
Project("{FAE04EC0-301F-11D3-BF4B-00C04F79EFBC}") = "Income Comparison", "Income Comparison\Income Comparison.csproj", "{2C5B51CF-AA96-4386-AED9-92199887B3DA}"
EndProject
Global
	GlobalSection(SolutionConfigurationPlatforms) = preSolution
		Debug|Any CPU = Debug|Any CPU
		Release|Any CPU = Release|Any CPU
	EndGlobalSection
	GlobalSection(ProjectConfigurationPlatforms) = postSolution
		{2C5B51CF-AA96-4386-AED9-92199887B3DA}.Debug|Any CPU.ActiveCfg = Debug|Any CPU
		{2C5B51CF-AA96-4386-AED9-92199887B3DA}.Debug|Any CPU.Build.0 = Debug|Any CPU
		{2C5B51CF-AA96-4386-AED9-92199887B3DA}.Release|Any CPU.ActiveCfg = Release|Any CPU
		{2C5B51CF-AA96-4386-AED9-92199887B3DA}.Release|Any CPU.Build.0 = Release|Any CPU
	EndGlobalSection
	GlobalSection(SolutionProperties) = preSolution
		HideSolutionNode = FALSE
	EndGlobalSection
	GlobalSection(ExtensibilityGlobals) = postSolution
		SolutionGuid = {6C05C7C8-0BC2-46A9-B28B-990F1EE3773A}
	EndGlobalSection
EndGlobal
