
Microsoft Visual Studio Solution File, Format Version 12.00
# Visual Studio Version 16
VisualStudioVersion = 16.0.33214.272
MinimumVisualStudioVersion = 10.0.40219.1
Project("{9A19103F-16F7-4668-BE54-9A1E7A4F7556}") = "TwentyOne Game", "TwentyOne Game\TwentyOne Game.csproj", "{2DC4D35D-5784-49FE-A741-5F936530BB0B}"
EndProject
Global
	GlobalSection(SolutionConfigurationPlatforms) = preSolution
		Debug|Any CPU = Debug|Any CPU
		Release|Any CPU = Release|Any CPU
	EndGlobalSection
	GlobalSection(ProjectConfigurationPlatforms) = postSolution
		{2DC4D35D-5784-49FE-A741-5F936530BB0B}.Debug|Any CPU.ActiveCfg = Debug|Any CPU
		{2DC4D35D-5784-49FE-A741-5F936530BB0B}.Debug|Any CPU.Build.0 = Debug|Any CPU
		{2DC4D35D-5784-49FE-A741-5F936530BB0B}.Release|Any CPU.ActiveCfg = Release|Any CPU
		{2DC4D35D-5784-49FE-A741-5F936530BB0B}.Release|Any CPU.Build.0 = Release|Any CPU
	EndGlobalSection
	GlobalSection(SolutionProperties) = preSolution
		HideSolutionNode = FALSE
	EndGlobalSection
	GlobalSection(ExtensibilityGlobals) = postSolution
		SolutionGuid = {34BDD231-DCC7-4930-AEF0-56B1A038A085}
	EndGlobalSection
EndGlobal
