
Microsoft Visual Studio Solution File, Format Version 12.00
# Visual Studio Version 16
VisualStudioVersion = 16.0.33214.272
MinimumVisualStudioVersion = 10.0.40219.1
Project("{FAE04EC0-301F-11D3-BF4B-00C04F79EFBC}") = "Struct Assignment", "Struct Assignment\Struct Assignment.csproj", "{F64B7D59-40F7-43FC-86F9-A2494C86697A}"
EndProject
Global
	GlobalSection(SolutionConfigurationPlatforms) = preSolution
		Debug|Any CPU = Debug|Any CPU
		Release|Any CPU = Release|Any CPU
	EndGlobalSection
	GlobalSection(ProjectConfigurationPlatforms) = postSolution
		{F64B7D59-40F7-43FC-86F9-A2494C86697A}.Debug|Any CPU.ActiveCfg = Debug|Any CPU
		{F64B7D59-40F7-43FC-86F9-A2494C86697A}.Debug|Any CPU.Build.0 = Debug|Any CPU
		{F64B7D59-40F7-43FC-86F9-A2494C86697A}.Release|Any CPU.ActiveCfg = Release|Any CPU
		{F64B7D59-40F7-43FC-86F9-A2494C86697A}.Release|Any CPU.Build.0 = Release|Any CPU
	EndGlobalSection
	GlobalSection(SolutionProperties) = preSolution
		HideSolutionNode = FALSE
	EndGlobalSection
	GlobalSection(ExtensibilityGlobals) = postSolution
		SolutionGuid = {BEC81E70-BF52-4EB6-AADE-3030D39FFD82}
	EndGlobalSection
EndGlobal
