
Microsoft Visual Studio Solution File, Format Version 12.00
# Visual Studio Version 16
VisualStudioVersion = 16.0.32901.82
MinimumVisualStudioVersion = 10.0.40219.1
Project("{FAE04EC0-301F-11D3-BF4B-00C04F79EFBC}") = "MathOperationAssignment", "MathOperationAssignment\MathOperationAssignment.csproj", "{A5C07459-49EC-45AB-9F6B-F45AB0389F3A}"
EndProject
Global
	GlobalSection(SolutionConfigurationPlatforms) = preSolution
		Debug|Any CPU = Debug|Any CPU
		Release|Any CPU = Release|Any CPU
	EndGlobalSection
	GlobalSection(ProjectConfigurationPlatforms) = postSolution
		{A5C07459-49EC-45AB-9F6B-F45AB0389F3A}.Debug|Any CPU.ActiveCfg = Debug|Any CPU
		{A5C07459-49EC-45AB-9F6B-F45AB0389F3A}.Debug|Any CPU.Build.0 = Debug|Any CPU
		{A5C07459-49EC-45AB-9F6B-F45AB0389F3A}.Release|Any CPU.ActiveCfg = Release|Any CPU
		{A5C07459-49EC-45AB-9F6B-F45AB0389F3A}.Release|Any CPU.Build.0 = Release|Any CPU
	EndGlobalSection
	GlobalSection(SolutionProperties) = preSolution
		HideSolutionNode = FALSE
	EndGlobalSection
	GlobalSection(ExtensibilityGlobals) = postSolution
		SolutionGuid = {AB2EAE15-3830-4AFE-A7DF-495FDEFB8ECC}
	EndGlobalSection
EndGlobal
